// !$*UTF8*$!
{
	archiveVersion = 1;
	classes = {
	};
	objectVersion = 55;
	objects = {

/* Begin PBXBuildFile section */
		904C101128AB6C7B000585E6 /* DetailsPageView.swift in Sources */ = {isa = PBXBuildFile; fileRef = 904C101028AB6C7B000585E6 /* DetailsPageView.swift */; };
		904C101328AB90D2000585E6 /* BottomSheet.swift in Sources */ = {isa = PBXBuildFile; fileRef = 904C101228AB90D2000585E6 /* BottomSheet.swift */; };
		904C101728ABDA59000585E6 /* DetailsPageConstants.swift in Sources */ = {isa = PBXBuildFile; fileRef = 904C101628ABDA59000585E6 /* DetailsPageConstants.swift */; };
		904C101928ABDC22000585E6 /* BottomSheetConstants.swift in Sources */ = {isa = PBXBuildFile; fileRef = 904C101828ABDC22000585E6 /* BottomSheetConstants.swift */; };
		906944AA28A6892100E86414 /* ViewModelContainer.swift in Sources */ = {isa = PBXBuildFile; fileRef = 906944A928A6892100E86414 /* ViewModelContainer.swift */; };
		9086B13228A53F520096477E /* marvel_app_swiftuiApp.swift in Sources */ = {isa = PBXBuildFile; fileRef = 9086B13128A53F520096477E /* marvel_app_swiftuiApp.swift */; };
		9086B13428A53F520096477E /* HomePageView.swift in Sources */ = {isa = PBXBuildFile; fileRef = 9086B13328A53F520096477E /* HomePageView.swift */; };
		9086B13628A53F540096477E /* Assets.xcassets in Resources */ = {isa = PBXBuildFile; fileRef = 9086B13528A53F540096477E /* Assets.xcassets */; };
		9086B13928A53F540096477E /* Preview Assets.xcassets in Resources */ = {isa = PBXBuildFile; fileRef = 9086B13828A53F540096477E /* Preview Assets.xcassets */; };
		9086B14328A53F550096477E /* marvel_app_swiftuiTests.swift in Sources */ = {isa = PBXBuildFile; fileRef = 9086B14228A53F550096477E /* marvel_app_swiftuiTests.swift */; };
		9086B14D28A53F550096477E /* marvel_app_swiftuiUITests.swift in Sources */ = {isa = PBXBuildFile; fileRef = 9086B14C28A53F550096477E /* marvel_app_swiftuiUITests.swift */; };
		9086B14F28A53F550096477E /* marvel_app_swiftuiUITestsLaunchTests.swift in Sources */ = {isa = PBXBuildFile; fileRef = 9086B14E28A53F550096477E /* marvel_app_swiftuiUITestsLaunchTests.swift */; };
		90D9D72728A626F400BAA67F /* Url.swift in Sources */ = {isa = PBXBuildFile; fileRef = 90D9D72628A626F400BAA67F /* Url.swift */; };
		90D9D72928A6271000BAA67F /* CreatorSummary.swift in Sources */ = {isa = PBXBuildFile; fileRef = 90D9D72828A6271000BAA67F /* CreatorSummary.swift */; };
		90D9D72B28A6272F00BAA67F /* CreatorList.swift in Sources */ = {isa = PBXBuildFile; fileRef = 90D9D72A28A6272F00BAA67F /* CreatorList.swift */; };
		90D9D72E28A6274A00BAA67F /* Image.swift in Sources */ = {isa = PBXBuildFile; fileRef = 90D9D72D28A6274A00BAA67F /* Image.swift */; };
		90D9D73028A6276D00BAA67F /* Comic.swift in Sources */ = {isa = PBXBuildFile; fileRef = 90D9D72F28A6276D00BAA67F /* Comic.swift */; };
		90D9D73228A6279C00BAA67F /* ComicDataContainer.swift in Sources */ = {isa = PBXBuildFile; fileRef = 90D9D73128A6279C00BAA67F /* ComicDataContainer.swift */; };
		90D9D73428A627AC00BAA67F /* ComicDataWrapper.swift in Sources */ = {isa = PBXBuildFile; fileRef = 90D9D73328A627AC00BAA67F /* ComicDataWrapper.swift */; };
		90D9D73628A627D400BAA67F /* ApiClient.swift in Sources */ = {isa = PBXBuildFile; fileRef = 90D9D73528A627D400BAA67F /* ApiClient.swift */; };
		90D9D73828A627F000BAA67F /* ApiClientProtocol.swift in Sources */ = {isa = PBXBuildFile; fileRef = 90D9D73728A627F000BAA67F /* ApiClientProtocol.swift */; };
		90D9D73B28A6282600BAA67F /* ApiConstants.swift in Sources */ = {isa = PBXBuildFile; fileRef = 90D9D73A28A6282600BAA67F /* ApiConstants.swift */; };
		90D9D73D28A6288200BAA67F /* ComicsRepositoryProtocol.swift in Sources */ = {isa = PBXBuildFile; fileRef = 90D9D73C28A6288200BAA67F /* ComicsRepositoryProtocol.swift */; };
		90D9D73F28A6289800BAA67F /* ComicsRepository.swift in Sources */ = {isa = PBXBuildFile; fileRef = 90D9D73E28A6289800BAA67F /* ComicsRepository.swift */; };
		90D9D74228A628FB00BAA67F /* HomePageViewModel.swift in Sources */ = {isa = PBXBuildFile; fileRef = 90D9D74128A628FB00BAA67F /* HomePageViewModel.swift */; };
		90D9D74428A6324E00BAA67F /* ComicsRow.swift in Sources */ = {isa = PBXBuildFile; fileRef = 90D9D74328A6324E00BAA67F /* ComicsRow.swift */; };
		90D9D74728A632AE00BAA67F /* ComicsConstants.swift in Sources */ = {isa = PBXBuildFile; fileRef = 90D9D74628A632AE00BAA67F /* ComicsConstants.swift */; };
		90D9D74928A6834F00BAA67F /* ComicsRowsConstants.swift in Sources */ = {isa = PBXBuildFile; fileRef = 90D9D74828A6834F00BAA67F /* ComicsRowsConstants.swift */; };
		90D9D74B28A686BE00BAA67F /* HomePageConstants.swift in Sources */ = {isa = PBXBuildFile; fileRef = 90D9D74A28A686BE00BAA67F /* HomePageConstants.swift */; };
		90D9D74E28A687E500BAA67F /* RepositoryContainer.swift in Sources */ = {isa = PBXBuildFile; fileRef = 90D9D74D28A687E500BAA67F /* RepositoryContainer.swift */; };
		C8B96815AD6F591FB9CD2E4A /* Pods_marvel_app_swiftui.framework in Frameworks */ = {isa = PBXBuildFile; fileRef = F47F3E585E5F732364C2FE70 /* Pods_marvel_app_swiftui.framework */; };
/* End PBXBuildFile section */

/* Begin PBXContainerItemProxy section */
		9086B13F28A53F550096477E /* PBXContainerItemProxy */ = {
			isa = PBXContainerItemProxy;
			containerPortal = 9086B12628A53F520096477E /* Project object */;
			proxyType = 1;
			remoteGlobalIDString = 9086B12D28A53F520096477E;
			remoteInfo = "marvel-app-swiftui";
		};
		9086B14928A53F550096477E /* PBXContainerItemProxy */ = {
			isa = PBXContainerItemProxy;
			containerPortal = 9086B12628A53F520096477E /* Project object */;
			proxyType = 1;
			remoteGlobalIDString = 9086B12D28A53F520096477E;
			remoteInfo = "marvel-app-swiftui";
		};
/* End PBXContainerItemProxy section */

/* Begin PBXFileReference section */
		8DE5BA2D0A1BAE406DB3AAD1 /* Pods-marvel-app-swiftui.debug.xcconfig */ = {isa = PBXFileReference; includeInIndex = 1; lastKnownFileType = text.xcconfig; name = "Pods-marvel-app-swiftui.debug.xcconfig"; path = "Target Support Files/Pods-marvel-app-swiftui/Pods-marvel-app-swiftui.debug.xcconfig"; sourceTree = "<group>"; };
		904C101028AB6C7B000585E6 /* DetailsPageView.swift */ = {isa = PBXFileReference; lastKnownFileType = sourcecode.swift; path = DetailsPageView.swift; sourceTree = "<group>"; };
		904C101228AB90D2000585E6 /* BottomSheet.swift */ = {isa = PBXFileReference; lastKnownFileType = sourcecode.swift; path = BottomSheet.swift; sourceTree = "<group>"; };
		904C101628ABDA59000585E6 /* DetailsPageConstants.swift */ = {isa = PBXFileReference; lastKnownFileType = sourcecode.swift; path = DetailsPageConstants.swift; sourceTree = "<group>"; };
		904C101828ABDC22000585E6 /* BottomSheetConstants.swift */ = {isa = PBXFileReference; lastKnownFileType = sourcecode.swift; path = BottomSheetConstants.swift; sourceTree = "<group>"; };
		906944A928A6892100E86414 /* ViewModelContainer.swift */ = {isa = PBXFileReference; lastKnownFileType = sourcecode.swift; path = ViewModelContainer.swift; sourceTree = "<group>"; };
		9086B12E28A53F520096477E /* marvel-app-swiftui.app */ = {isa = PBXFileReference; explicitFileType = wrapper.application; includeInIndex = 0; path = "marvel-app-swiftui.app"; sourceTree = BUILT_PRODUCTS_DIR; };
		9086B13128A53F520096477E /* marvel_app_swiftuiApp.swift */ = {isa = PBXFileReference; lastKnownFileType = sourcecode.swift; path = marvel_app_swiftuiApp.swift; sourceTree = "<group>"; };
		9086B13328A53F520096477E /* HomePageView.swift */ = {isa = PBXFileReference; lastKnownFileType = sourcecode.swift; path = HomePageView.swift; sourceTree = "<group>"; };
		9086B13528A53F540096477E /* Assets.xcassets */ = {isa = PBXFileReference; lastKnownFileType = folder.assetcatalog; path = Assets.xcassets; sourceTree = "<group>"; };
		9086B13828A53F540096477E /* Preview Assets.xcassets */ = {isa = PBXFileReference; lastKnownFileType = folder.assetcatalog; path = "Preview Assets.xcassets"; sourceTree = "<group>"; };
		9086B13E28A53F550096477E /* marvel-app-swiftuiTests.xctest */ = {isa = PBXFileReference; explicitFileType = wrapper.cfbundle; includeInIndex = 0; path = "marvel-app-swiftuiTests.xctest"; sourceTree = BUILT_PRODUCTS_DIR; };
		9086B14228A53F550096477E /* marvel_app_swiftuiTests.swift */ = {isa = PBXFileReference; lastKnownFileType = sourcecode.swift; path = marvel_app_swiftuiTests.swift; sourceTree = "<group>"; };
		9086B14828A53F550096477E /* marvel-app-swiftuiUITests.xctest */ = {isa = PBXFileReference; explicitFileType = wrapper.cfbundle; includeInIndex = 0; path = "marvel-app-swiftuiUITests.xctest"; sourceTree = BUILT_PRODUCTS_DIR; };
		9086B14C28A53F550096477E /* marvel_app_swiftuiUITests.swift */ = {isa = PBXFileReference; lastKnownFileType = sourcecode.swift; path = marvel_app_swiftuiUITests.swift; sourceTree = "<group>"; };
		9086B14E28A53F550096477E /* marvel_app_swiftuiUITestsLaunchTests.swift */ = {isa = PBXFileReference; lastKnownFileType = sourcecode.swift; path = marvel_app_swiftuiUITestsLaunchTests.swift; sourceTree = "<group>"; };
		90D9D72628A626F400BAA67F /* Url.swift */ = {isa = PBXFileReference; lastKnownFileType = sourcecode.swift; path = Url.swift; sourceTree = "<group>"; };
		90D9D72828A6271000BAA67F /* CreatorSummary.swift */ = {isa = PBXFileReference; lastKnownFileType = sourcecode.swift; path = CreatorSummary.swift; sourceTree = "<group>"; };
		90D9D72A28A6272F00BAA67F /* CreatorList.swift */ = {isa = PBXFileReference; lastKnownFileType = sourcecode.swift; path = CreatorList.swift; sourceTree = "<group>"; };
		90D9D72D28A6274A00BAA67F /* Image.swift */ = {isa = PBXFileReference; lastKnownFileType = sourcecode.swift; path = Image.swift; sourceTree = "<group>"; };
		90D9D72F28A6276D00BAA67F /* Comic.swift */ = {isa = PBXFileReference; lastKnownFileType = sourcecode.swift; path = Comic.swift; sourceTree = "<group>"; };
		90D9D73128A6279C00BAA67F /* ComicDataContainer.swift */ = {isa = PBXFileReference; lastKnownFileType = sourcecode.swift; path = ComicDataContainer.swift; sourceTree = "<group>"; };
		90D9D73328A627AC00BAA67F /* ComicDataWrapper.swift */ = {isa = PBXFileReference; lastKnownFileType = sourcecode.swift; path = ComicDataWrapper.swift; sourceTree = "<group>"; };
		90D9D73528A627D400BAA67F /* ApiClient.swift */ = {isa = PBXFileReference; lastKnownFileType = sourcecode.swift; path = ApiClient.swift; sourceTree = "<group>"; };
		90D9D73728A627F000BAA67F /* ApiClientProtocol.swift */ = {isa = PBXFileReference; lastKnownFileType = sourcecode.swift; path = ApiClientProtocol.swift; sourceTree = "<group>"; };
		90D9D73A28A6282600BAA67F /* ApiConstants.swift */ = {isa = PBXFileReference; lastKnownFileType = sourcecode.swift; path = ApiConstants.swift; sourceTree = "<group>"; };
		90D9D73C28A6288200BAA67F /* ComicsRepositoryProtocol.swift */ = {isa = PBXFileReference; lastKnownFileType = sourcecode.swift; path = ComicsRepositoryProtocol.swift; sourceTree = "<group>"; };
		90D9D73E28A6289800BAA67F /* ComicsRepository.swift */ = {isa = PBXFileReference; lastKnownFileType = sourcecode.swift; path = ComicsRepository.swift; sourceTree = "<group>"; };
		90D9D74128A628FB00BAA67F /* HomePageViewModel.swift */ = {isa = PBXFileReference; lastKnownFileType = sourcecode.swift; path = HomePageViewModel.swift; sourceTree = "<group>"; };
		90D9D74328A6324E00BAA67F /* ComicsRow.swift */ = {isa = PBXFileReference; lastKnownFileType = sourcecode.swift; path = ComicsRow.swift; sourceTree = "<group>"; };
		90D9D74628A632AE00BAA67F /* ComicsConstants.swift */ = {isa = PBXFileReference; lastKnownFileType = sourcecode.swift; path = ComicsConstants.swift; sourceTree = "<group>"; };
		90D9D74828A6834F00BAA67F /* ComicsRowsConstants.swift */ = {isa = PBXFileReference; lastKnownFileType = sourcecode.swift; path = ComicsRowsConstants.swift; sourceTree = "<group>"; };
		90D9D74A28A686BE00BAA67F /* HomePageConstants.swift */ = {isa = PBXFileReference; lastKnownFileType = sourcecode.swift; path = HomePageConstants.swift; sourceTree = "<group>"; };
		90D9D74D28A687E500BAA67F /* RepositoryContainer.swift */ = {isa = PBXFileReference; lastKnownFileType = sourcecode.swift; path = RepositoryContainer.swift; sourceTree = "<group>"; };
		B92768174A26A713838658F8 /* Pods-marvel-app-swiftui.release.xcconfig */ = {isa = PBXFileReference; includeInIndex = 1; lastKnownFileType = text.xcconfig; name = "Pods-marvel-app-swiftui.release.xcconfig"; path = "Target Support Files/Pods-marvel-app-swiftui/Pods-marvel-app-swiftui.release.xcconfig"; sourceTree = "<group>"; };
		F47F3E585E5F732364C2FE70 /* Pods_marvel_app_swiftui.framework */ = {isa = PBXFileReference; explicitFileType = wrapper.framework; includeInIndex = 0; path = Pods_marvel_app_swiftui.framework; sourceTree = BUILT_PRODUCTS_DIR; };
/* End PBXFileReference section */

/* Begin PBXFrameworksBuildPhase section */
		9086B12B28A53F520096477E /* Frameworks */ = {
			isa = PBXFrameworksBuildPhase;
			buildActionMask = 2147483647;
			files = (
				C8B96815AD6F591FB9CD2E4A /* Pods_marvel_app_swiftui.framework in Frameworks */,
			);
			runOnlyForDeploymentPostprocessing = 0;
		};
		9086B13B28A53F550096477E /* Frameworks */ = {
			isa = PBXFrameworksBuildPhase;
			buildActionMask = 2147483647;
			files = (
			);
			runOnlyForDeploymentPostprocessing = 0;
		};
		9086B14528A53F550096477E /* Frameworks */ = {
			isa = PBXFrameworksBuildPhase;
			buildActionMask = 2147483647;
			files = (
			);
			runOnlyForDeploymentPostprocessing = 0;
		};
/* End PBXFrameworksBuildPhase section */

/* Begin PBXGroup section */
		1E62AC7294EA4ECF5BC2493D /* Frameworks */ = {
			isa = PBXGroup;
			children = (
				F47F3E585E5F732364C2FE70 /* Pods_marvel_app_swiftui.framework */,
			);
			name = Frameworks;
			sourceTree = "<group>";
		};
		904C100F28AB6C63000585E6 /* details-page */ = {
			isa = PBXGroup;
			children = (
				904C101028AB6C7B000585E6 /* DetailsPageView.swift */,
				904C101228AB90D2000585E6 /* BottomSheet.swift */,
			);
			path = "details-page";
			sourceTree = "<group>";
		};
		9086B12528A53F520096477E = {
			isa = PBXGroup;
			children = (
				9086B13028A53F520096477E /* marvel-app-swiftui */,
				9086B14128A53F550096477E /* marvel-app-swiftuiTests */,
				9086B14B28A53F550096477E /* marvel-app-swiftuiUITests */,
				9086B12F28A53F520096477E /* Products */,
				9775993E5613E5F7AE243C55 /* Pods */,
				1E62AC7294EA4ECF5BC2493D /* Frameworks */,
			);
			sourceTree = "<group>";
		};
		9086B12F28A53F520096477E /* Products */ = {
			isa = PBXGroup;
			children = (
				9086B12E28A53F520096477E /* marvel-app-swiftui.app */,
				9086B13E28A53F550096477E /* marvel-app-swiftuiTests.xctest */,
				9086B14828A53F550096477E /* marvel-app-swiftuiUITests.xctest */,
			);
			name = Products;
			sourceTree = "<group>";
		};
		9086B13028A53F520096477E /* marvel-app-swiftui */ = {
			isa = PBXGroup;
			children = (
				90D9D74C28A687CE00BAA67F /* containers */,
				90D9D74528A6329700BAA67F /* constants */,
				90D9D73928A6281600BAA67F /* utils */,
				90D9D72528A626CE00BAA67F /* features */,
				90D9D72128A626B400BAA67F /* core */,
				9086B13128A53F520096477E /* marvel_app_swiftuiApp.swift */,
				9086B13528A53F540096477E /* Assets.xcassets */,
				9086B13728A53F540096477E /* Preview Content */,
			);
			path = "marvel-app-swiftui";
			sourceTree = "<group>";
		};
		9086B13728A53F540096477E /* Preview Content */ = {
			isa = PBXGroup;
			children = (
				9086B13828A53F540096477E /* Preview Assets.xcassets */,
			);
			path = "Preview Content";
			sourceTree = "<group>";
		};
		9086B14128A53F550096477E /* marvel-app-swiftuiTests */ = {
			isa = PBXGroup;
			children = (
				9086B14228A53F550096477E /* marvel_app_swiftuiTests.swift */,
			);
			path = "marvel-app-swiftuiTests";
			sourceTree = "<group>";
		};
		9086B14B28A53F550096477E /* marvel-app-swiftuiUITests */ = {
			isa = PBXGroup;
			children = (
				9086B14C28A53F550096477E /* marvel_app_swiftuiUITests.swift */,
				9086B14E28A53F550096477E /* marvel_app_swiftuiUITestsLaunchTests.swift */,
			);
			path = "marvel-app-swiftuiUITests";
			sourceTree = "<group>";
		};
		90D9D72128A626B400BAA67F /* core */ = {
			isa = PBXGroup;
			children = (
				90D9D72428A626C700BAA67F /* repository */,
				90D9D72328A626C100BAA67F /* models */,
				90D9D72228A626BA00BAA67F /* network */,
			);
			path = core;
			sourceTree = "<group>";
		};
		90D9D72228A626BA00BAA67F /* network */ = {
			isa = PBXGroup;
			children = (
				90D9D73528A627D400BAA67F /* ApiClient.swift */,
				90D9D73728A627F000BAA67F /* ApiClientProtocol.swift */,
			);
			path = network;
			sourceTree = "<group>";
		};
		90D9D72328A626C100BAA67F /* models */ = {
			isa = PBXGroup;
			children = (
				90D9D72628A626F400BAA67F /* Url.swift */,
				90D9D72828A6271000BAA67F /* CreatorSummary.swift */,
				90D9D72A28A6272F00BAA67F /* CreatorList.swift */,
				90D9D72D28A6274A00BAA67F /* Image.swift */,
				90D9D72F28A6276D00BAA67F /* Comic.swift */,
				90D9D73128A6279C00BAA67F /* ComicDataContainer.swift */,
				90D9D73328A627AC00BAA67F /* ComicDataWrapper.swift */,
			);
			path = models;
			sourceTree = "<group>";
		};
		90D9D72428A626C700BAA67F /* repository */ = {
			isa = PBXGroup;
			children = (
				90D9D73C28A6288200BAA67F /* ComicsRepositoryProtocol.swift */,
				90D9D73E28A6289800BAA67F /* ComicsRepository.swift */,
			);
			path = repository;
			sourceTree = "<group>";
		};
		90D9D72528A626CE00BAA67F /* features */ = {
			isa = PBXGroup;
			children = (
				904C100F28AB6C63000585E6 /* details-page */,
				90D9D74028A628EC00BAA67F /* home-page */,
			);
			path = features;
			sourceTree = "<group>";
		};
		90D9D73928A6281600BAA67F /* utils */ = {
			isa = PBXGroup;
			children = (
				90D9D73A28A6282600BAA67F /* ApiConstants.swift */,
			);
			path = utils;
			sourceTree = "<group>";
		};
		90D9D74028A628EC00BAA67F /* home-page */ = {
			isa = PBXGroup;
			children = (
				9086B13328A53F520096477E /* HomePageView.swift */,
				90D9D74128A628FB00BAA67F /* HomePageViewModel.swift */,
				90D9D74328A6324E00BAA67F /* ComicsRow.swift */,
			);
			path = "home-page";
			sourceTree = "<group>";
		};
		90D9D74528A6329700BAA67F /* constants */ = {
			isa = PBXGroup;
			children = (
				90D9D74628A632AE00BAA67F /* ComicsConstants.swift */,
				90D9D74828A6834F00BAA67F /* ComicsRowsConstants.swift */,
				90D9D74A28A686BE00BAA67F /* HomePageConstants.swift */,
				904C101628ABDA59000585E6 /* DetailsPageConstants.swift */,
				904C101828ABDC22000585E6 /* BottomSheetConstants.swift */,
			);
			path = constants;
			sourceTree = "<group>";
		};
		90D9D74C28A687CE00BAA67F /* containers */ = {
			isa = PBXGroup;
			children = (
				90D9D74D28A687E500BAA67F /* RepositoryContainer.swift */,
				906944A928A6892100E86414 /* ViewModelContainer.swift */,
			);
			path = containers;
			sourceTree = "<group>";
		};
		9775993E5613E5F7AE243C55 /* Pods */ = {
			isa = PBXGroup;
			children = (
				8DE5BA2D0A1BAE406DB3AAD1 /* Pods-marvel-app-swiftui.debug.xcconfig */,
				B92768174A26A713838658F8 /* Pods-marvel-app-swiftui.release.xcconfig */,
			);
			path = Pods;
			sourceTree = "<group>";
		};
/* End PBXGroup section */

/* Begin PBXNativeTarget section */
		9086B12D28A53F520096477E /* marvel-app-swiftui */ = {
			isa = PBXNativeTarget;
			buildConfigurationList = 9086B15228A53F550096477E /* Build configuration list for PBXNativeTarget "marvel-app-swiftui" */;
			buildPhases = (
				3C2DDA27D870D98DEDAC5246 /* [CP] Check Pods Manifest.lock */,
				9086B12A28A53F520096477E /* Sources */,
				9086B12B28A53F520096477E /* Frameworks */,
				9086B12C28A53F520096477E /* Resources */,
				0F627586D871C6E3A0BBA018 /* [CP] Embed Pods Frameworks */,
			);
			buildRules = (
			);
			dependencies = (
			);
			name = "marvel-app-swiftui";
			productName = "marvel-app-swiftui";
			productReference = 9086B12E28A53F520096477E /* marvel-app-swiftui.app */;
			productType = "com.apple.product-type.application";
		};
		9086B13D28A53F550096477E /* marvel-app-swiftuiTests */ = {
			isa = PBXNativeTarget;
			buildConfigurationList = 9086B15528A53F550096477E /* Build configuration list for PBXNativeTarget "marvel-app-swiftuiTests" */;
			buildPhases = (
				9086B13A28A53F550096477E /* Sources */,
				9086B13B28A53F550096477E /* Frameworks */,
				9086B13C28A53F550096477E /* Resources */,
			);
			buildRules = (
			);
			dependencies = (
				9086B14028A53F550096477E /* PBXTargetDependency */,
			);
			name = "marvel-app-swiftuiTests";
			productName = "marvel-app-swiftuiTests";
			productReference = 9086B13E28A53F550096477E /* marvel-app-swiftuiTests.xctest */;
			productType = "com.apple.product-type.bundle.unit-test";
		};
		9086B14728A53F550096477E /* marvel-app-swiftuiUITests */ = {
			isa = PBXNativeTarget;
			buildConfigurationList = 9086B15828A53F550096477E /* Build configuration list for PBXNativeTarget "marvel-app-swiftuiUITests" */;
			buildPhases = (
				9086B14428A53F550096477E /* Sources */,
				9086B14528A53F550096477E /* Frameworks */,
				9086B14628A53F550096477E /* Resources */,
			);
			buildRules = (
			);
			dependencies = (
				9086B14A28A53F550096477E /* PBXTargetDependency */,
			);
			name = "marvel-app-swiftuiUITests";
			productName = "marvel-app-swiftuiUITests";
			productReference = 9086B14828A53F550096477E /* marvel-app-swiftuiUITests.xctest */;
			productType = "com.apple.product-type.bundle.ui-testing";
		};
/* End PBXNativeTarget section */

/* Begin PBXProject section */
		9086B12628A53F520096477E /* Project object */ = {
			isa = PBXProject;
			attributes = {
				BuildIndependentTargetsInParallel = 1;
				LastSwiftUpdateCheck = 1340;
				LastUpgradeCheck = 1340;
				TargetAttributes = {
					9086B12D28A53F520096477E = {
						CreatedOnToolsVersion = 13.4.1;
					};
					9086B13D28A53F550096477E = {
						CreatedOnToolsVersion = 13.4.1;
						TestTargetID = 9086B12D28A53F520096477E;
					};
					9086B14728A53F550096477E = {
						CreatedOnToolsVersion = 13.4.1;
						TestTargetID = 9086B12D28A53F520096477E;
					};
				};
			};
			buildConfigurationList = 9086B12928A53F520096477E /* Build configuration list for PBXProject "marvel-app-swiftui" */;
			compatibilityVersion = "Xcode 13.0";
			developmentRegion = en;
			hasScannedForEncodings = 0;
			knownRegions = (
				en,
				Base,
			);
			mainGroup = 9086B12528A53F520096477E;
			productRefGroup = 9086B12F28A53F520096477E /* Products */;
			projectDirPath = "";
			projectRoot = "";
			targets = (
				9086B12D28A53F520096477E /* marvel-app-swiftui */,
				9086B13D28A53F550096477E /* marvel-app-swiftuiTests */,
				9086B14728A53F550096477E /* marvel-app-swiftuiUITests */,
			);
		};
/* End PBXProject section */

/* Begin PBXResourcesBuildPhase section */
		9086B12C28A53F520096477E /* Resources */ = {
			isa = PBXResourcesBuildPhase;
			buildActionMask = 2147483647;
			files = (
				9086B13928A53F540096477E /* Preview Assets.xcassets in Resources */,
				9086B13628A53F540096477E /* Assets.xcassets in Resources */,
			);
			runOnlyForDeploymentPostprocessing = 0;
		};
		9086B13C28A53F550096477E /* Resources */ = {
			isa = PBXResourcesBuildPhase;
			buildActionMask = 2147483647;
			files = (
			);
			runOnlyForDeploymentPostprocessing = 0;
		};
		9086B14628A53F550096477E /* Resources */ = {
			isa = PBXResourcesBuildPhase;
			buildActionMask = 2147483647;
			files = (
			);
			runOnlyForDeploymentPostprocessing = 0;
		};
/* End PBXResourcesBuildPhase section */

/* Begin PBXShellScriptBuildPhase section */
		0F627586D871C6E3A0BBA018 /* [CP] Embed Pods Frameworks */ = {
			isa = PBXShellScriptBuildPhase;
			buildActionMask = 2147483647;
			files = (
			);
			inputFileListPaths = (
				"${PODS_ROOT}/Target Support Files/Pods-marvel-app-swiftui/Pods-marvel-app-swiftui-frameworks-${CONFIGURATION}-input-files.xcfilelist",
			);
			name = "[CP] Embed Pods Frameworks";
			outputFileListPaths = (
				"${PODS_ROOT}/Target Support Files/Pods-marvel-app-swiftui/Pods-marvel-app-swiftui-frameworks-${CONFIGURATION}-output-files.xcfilelist",
			);
			runOnlyForDeploymentPostprocessing = 0;
			shellPath = /bin/sh;
			shellScript = "\"${PODS_ROOT}/Target Support Files/Pods-marvel-app-swiftui/Pods-marvel-app-swiftui-frameworks.sh\"\n";
			showEnvVarsInLog = 0;
		};
		3C2DDA27D870D98DEDAC5246 /* [CP] Check Pods Manifest.lock */ = {
			isa = PBXShellScriptBuildPhase;
			buildActionMask = 2147483647;
			files = (
			);
			inputFileListPaths = (
			);
			inputPaths = (
				"${PODS_PODFILE_DIR_PATH}/Podfile.lock",
				"${PODS_ROOT}/Manifest.lock",
			);
			name = "[CP] Check Pods Manifest.lock";
			outputFileListPaths = (
			);
			outputPaths = (
				"$(DERIVED_FILE_DIR)/Pods-marvel-app-swiftui-checkManifestLockResult.txt",
			);
			runOnlyForDeploymentPostprocessing = 0;
			shellPath = /bin/sh;
			shellScript = "diff \"${PODS_PODFILE_DIR_PATH}/Podfile.lock\" \"${PODS_ROOT}/Manifest.lock\" > /dev/null\nif [ $? != 0 ] ; then\n    # print error to STDERR\n    echo \"error: The sandbox is not in sync with the Podfile.lock. Run 'pod install' or update your CocoaPods installation.\" >&2\n    exit 1\nfi\n# This output is used by Xcode 'outputs' to avoid re-running this script phase.\necho \"SUCCESS\" > \"${SCRIPT_OUTPUT_FILE_0}\"\n";
			showEnvVarsInLog = 0;
		};
/* End PBXShellScriptBuildPhase section */

/* Begin PBXSourcesBuildPhase section */
		9086B12A28A53F520096477E /* Sources */ = {
			isa = PBXSourcesBuildPhase;
			buildActionMask = 2147483647;
			files = (
				90D9D74428A6324E00BAA67F /* ComicsRow.swift in Sources */,
				9086B13428A53F520096477E /* HomePageView.swift in Sources */,
				904C101328AB90D2000585E6 /* BottomSheet.swift in Sources */,
				90D9D72E28A6274A00BAA67F /* Image.swift in Sources */,
				904C101928ABDC22000585E6 /* BottomSheetConstants.swift in Sources */,
				90D9D74E28A687E500BAA67F /* RepositoryContainer.swift in Sources */,
				904C101728ABDA59000585E6 /* DetailsPageConstants.swift in Sources */,
				90D9D73028A6276D00BAA67F /* Comic.swift in Sources */,
				90D9D73F28A6289800BAA67F /* ComicsRepository.swift in Sources */,
				90D9D74728A632AE00BAA67F /* ComicsConstants.swift in Sources */,
				90D9D73D28A6288200BAA67F /* ComicsRepositoryProtocol.swift in Sources */,
				90D9D73228A6279C00BAA67F /* ComicDataContainer.swift in Sources */,
				90D9D73428A627AC00BAA67F /* ComicDataWrapper.swift in Sources */,
				904C101128AB6C7B000585E6 /* DetailsPageView.swift in Sources */,
				90D9D73828A627F000BAA67F /* ApiClientProtocol.swift in Sources */,
				90D9D72928A6271000BAA67F /* CreatorSummary.swift in Sources */,
				90D9D72728A626F400BAA67F /* Url.swift in Sources */,
				90D9D73B28A6282600BAA67F /* ApiConstants.swift in Sources */,
				90D9D72B28A6272F00BAA67F /* CreatorList.swift in Sources */,
				906944AA28A6892100E86414 /* ViewModelContainer.swift in Sources */,
				90D9D74928A6834F00BAA67F /* ComicsRowsConstants.swift in Sources */,
				9086B13228A53F520096477E /* marvel_app_swiftuiApp.swift in Sources */,
				90D9D74B28A686BE00BAA67F /* HomePageConstants.swift in Sources */,
				90D9D73628A627D400BAA67F /* ApiClient.swift in Sources */,
				90D9D74228A628FB00BAA67F /* HomePageViewModel.swift in Sources */,
			);
			runOnlyForDeploymentPostprocessing = 0;
		};
		9086B13A28A53F550096477E /* Sources */ = {
			isa = PBXSourcesBuildPhase;
			buildActionMask = 2147483647;
			files = (
				9086B14328A53F550096477E /* marvel_app_swiftuiTests.swift in Sources */,
			);
			runOnlyForDeploymentPostprocessing = 0;
		};
		9086B14428A53F550096477E /* Sources */ = {
			isa = PBXSourcesBuildPhase;
			buildActionMask = 2147483647;
			files = (
				9086B14D28A53F550096477E /* marvel_app_swiftuiUITests.swift in Sources */,
				9086B14F28A53F550096477E /* marvel_app_swiftuiUITestsLaunchTests.swift in Sources */,
			);
			runOnlyForDeploymentPostprocessing = 0;
		};
/* End PBXSourcesBuildPhase section */

/* Begin PBXTargetDependency section */
		9086B14028A53F550096477E /* PBXTargetDependency */ = {
			isa = PBXTargetDependency;
			target = 9086B12D28A53F520096477E /* marvel-app-swiftui */;
			targetProxy = 9086B13F28A53F550096477E /* PBXContainerItemProxy */;
		};
		9086B14A28A53F550096477E /* PBXTargetDependency */ = {
			isa = PBXTargetDependency;
			target = 9086B12D28A53F520096477E /* marvel-app-swiftui */;
			targetProxy = 9086B14928A53F550096477E /* PBXContainerItemProxy */;
		};
/* End PBXTargetDependency section */

/* Begin XCBuildConfiguration section */
		9086B15028A53F550096477E /* Debug */ = {
			isa = XCBuildConfiguration;
			buildSettings = {
				ALWAYS_SEARCH_USER_PATHS = NO;
				CLANG_ANALYZER_NONNULL = YES;
				CLANG_ANALYZER_NUMBER_OBJECT_CONVERSION = YES_AGGRESSIVE;
				CLANG_CXX_LANGUAGE_STANDARD = "gnu++17";
				CLANG_ENABLE_MODULES = YES;
				CLANG_ENABLE_OBJC_ARC = YES;
				CLANG_ENABLE_OBJC_WEAK = YES;
				CLANG_WARN_BLOCK_CAPTURE_AUTORELEASING = YES;
				CLANG_WARN_BOOL_CONVERSION = YES;
				CLANG_WARN_COMMA = YES;
				CLANG_WARN_CONSTANT_CONVERSION = YES;
				CLANG_WARN_DEPRECATED_OBJC_IMPLEMENTATIONS = YES;
				CLANG_WARN_DIRECT_OBJC_ISA_USAGE = YES_ERROR;
				CLANG_WARN_DOCUMENTATION_COMMENTS = YES;
				CLANG_WARN_EMPTY_BODY = YES;
				CLANG_WARN_ENUM_CONVERSION = YES;
				CLANG_WARN_INFINITE_RECURSION = YES;
				CLANG_WARN_INT_CONVERSION = YES;
				CLANG_WARN_NON_LITERAL_NULL_CONVERSION = YES;
				CLANG_WARN_OBJC_IMPLICIT_RETAIN_SELF = YES;
				CLANG_WARN_OBJC_LITERAL_CONVERSION = YES;
				CLANG_WARN_OBJC_ROOT_CLASS = YES_ERROR;
				CLANG_WARN_QUOTED_INCLUDE_IN_FRAMEWORK_HEADER = YES;
				CLANG_WARN_RANGE_LOOP_ANALYSIS = YES;
				CLANG_WARN_STRICT_PROTOTYPES = YES;
				CLANG_WARN_SUSPICIOUS_MOVE = YES;
				CLANG_WARN_UNGUARDED_AVAILABILITY = YES_AGGRESSIVE;
				CLANG_WARN_UNREACHABLE_CODE = YES;
				CLANG_WARN__DUPLICATE_METHOD_MATCH = YES;
				COPY_PHASE_STRIP = NO;
				DEBUG_INFORMATION_FORMAT = dwarf;
				ENABLE_STRICT_OBJC_MSGSEND = YES;
				ENABLE_TESTABILITY = YES;
				GCC_C_LANGUAGE_STANDARD = gnu11;
				GCC_DYNAMIC_NO_PIC = NO;
				GCC_NO_COMMON_BLOCKS = YES;
				GCC_OPTIMIZATION_LEVEL = 0;
				GCC_PREPROCESSOR_DEFINITIONS = (
					"DEBUG=1",
					"$(inherited)",
				);
				GCC_WARN_64_TO_32_BIT_CONVERSION = YES;
				GCC_WARN_ABOUT_RETURN_TYPE = YES_ERROR;
				GCC_WARN_UNDECLARED_SELECTOR = YES;
				GCC_WARN_UNINITIALIZED_AUTOS = YES_AGGRESSIVE;
				GCC_WARN_UNUSED_FUNCTION = YES;
				GCC_WARN_UNUSED_VARIABLE = YES;
				IPHONEOS_DEPLOYMENT_TARGET = 15.5;
				MTL_ENABLE_DEBUG_INFO = INCLUDE_SOURCE;
				MTL_FAST_MATH = YES;
				ONLY_ACTIVE_ARCH = YES;
				SDKROOT = iphoneos;
				SWIFT_ACTIVE_COMPILATION_CONDITIONS = DEBUG;
				SWIFT_OPTIMIZATION_LEVEL = "-Onone";
			};
			name = Debug;
		};
		9086B15128A53F550096477E /* Release */ = {
			isa = XCBuildConfiguration;
			buildSettings = {
				ALWAYS_SEARCH_USER_PATHS = NO;
				CLANG_ANALYZER_NONNULL = YES;
				CLANG_ANALYZER_NUMBER_OBJECT_CONVERSION = YES_AGGRESSIVE;
				CLANG_CXX_LANGUAGE_STANDARD = "gnu++17";
				CLANG_ENABLE_MODULES = YES;
				CLANG_ENABLE_OBJC_ARC = YES;
				CLANG_ENABLE_OBJC_WEAK = YES;
				CLANG_WARN_BLOCK_CAPTURE_AUTORELEASING = YES;
				CLANG_WARN_BOOL_CONVERSION = YES;
				CLANG_WARN_COMMA = YES;
				CLANG_WARN_CONSTANT_CONVERSION = YES;
				CLANG_WARN_DEPRECATED_OBJC_IMPLEMENTATIONS = YES;
				CLANG_WARN_DIRECT_OBJC_ISA_USAGE = YES_ERROR;
				CLANG_WARN_DOCUMENTATION_COMMENTS = YES;
				CLANG_WARN_EMPTY_BODY = YES;
				CLANG_WARN_ENUM_CONVERSION = YES;
				CLANG_WARN_INFINITE_RECURSION = YES;
				CLANG_WARN_INT_CONVERSION = YES;
				CLANG_WARN_NON_LITERAL_NULL_CONVERSION = YES;
				CLANG_WARN_OBJC_IMPLICIT_RETAIN_SELF = YES;
				CLANG_WARN_OBJC_LITERAL_CONVERSION = YES;
				CLANG_WARN_OBJC_ROOT_CLASS = YES_ERROR;
				CLANG_WARN_QUOTED_INCLUDE_IN_FRAMEWORK_HEADER = YES;
				CLANG_WARN_RANGE_LOOP_ANALYSIS = YES;
				CLANG_WARN_STRICT_PROTOTYPES = YES;
				CLANG_WARN_SUSPICIOUS_MOVE = YES;
				CLANG_WARN_UNGUARDED_AVAILABILITY = YES_AGGRESSIVE;
				CLANG_WARN_UNREACHABLE_CODE = YES;
				CLANG_WARN__DUPLICATE_METHOD_MATCH = YES;
				COPY_PHASE_STRIP = NO;
				DEBUG_INFORMATION_FORMAT = "dwarf-with-dsym";
				ENABLE_NS_ASSERTIONS = NO;
				ENABLE_STRICT_OBJC_MSGSEND = YES;
				GCC_C_LANGUAGE_STANDARD = gnu11;
				GCC_NO_COMMON_BLOCKS = YES;
				GCC_WARN_64_TO_32_BIT_CONVERSION = YES;
				GCC_WARN_ABOUT_RETURN_TYPE = YES_ERROR;
				GCC_WARN_UNDECLARED_SELECTOR = YES;
				GCC_WARN_UNINITIALIZED_AUTOS = YES_AGGRESSIVE;
				GCC_WARN_UNUSED_FUNCTION = YES;
				GCC_WARN_UNUSED_VARIABLE = YES;
				IPHONEOS_DEPLOYMENT_TARGET = 15.5;
				MTL_ENABLE_DEBUG_INFO = NO;
				MTL_FAST_MATH = YES;
				SDKROOT = iphoneos;
				SWIFT_COMPILATION_MODE = wholemodule;
				SWIFT_OPTIMIZATION_LEVEL = "-O";
				VALIDATE_PRODUCT = YES;
			};
			name = Release;
		};
		9086B15328A53F550096477E /* Debug */ = {
			isa = XCBuildConfiguration;
			baseConfigurationReference = 8DE5BA2D0A1BAE406DB3AAD1 /* Pods-marvel-app-swiftui.debug.xcconfig */;
			buildSettings = {
				ASSETCATALOG_COMPILER_APPICON_NAME = AppIcon;
				ASSETCATALOG_COMPILER_GLOBAL_ACCENT_COLOR_NAME = AccentColor;
				CODE_SIGN_STYLE = Automatic;
				CURRENT_PROJECT_VERSION = 1;
				DEVELOPMENT_ASSET_PATHS = "\"marvel-app-swiftui/Preview Content\"";
				ENABLE_PREVIEWS = YES;
				GENERATE_INFOPLIST_FILE = YES;
				INFOPLIST_KEY_UIApplicationSceneManifest_Generation = YES;
				INFOPLIST_KEY_UIApplicationSupportsIndirectInputEvents = YES;
				INFOPLIST_KEY_UILaunchScreen_Generation = YES;
				INFOPLIST_KEY_UISupportedInterfaceOrientations_iPad = "UIInterfaceOrientationPortrait UIInterfaceOrientationPortraitUpsideDown UIInterfaceOrientationLandscapeLeft UIInterfaceOrientationLandscapeRight";
				INFOPLIST_KEY_UISupportedInterfaceOrientations_iPhone = "UIInterfaceOrientationPortrait UIInterfaceOrientationLandscapeLeft UIInterfaceOrientationLandscapeRight";
				LD_RUNPATH_SEARCH_PATHS = (
					"$(inherited)",
					"@executable_path/Frameworks",
				);
				MARKETING_VERSION = 1.0;
				PRODUCT_BUNDLE_IDENTIFIER = "com.mlinde.marvel-app-swiftui";
				PRODUCT_NAME = "$(TARGET_NAME)";
				SWIFT_EMIT_LOC_STRINGS = YES;
				SWIFT_VERSION = 5.0;
				TARGETED_DEVICE_FAMILY = "1,2";
			};
			name = Debug;
		};
		9086B15428A53F550096477E /* Release */ = {
			isa = XCBuildConfiguration;
			baseConfigurationReference = B92768174A26A713838658F8 /* Pods-marvel-app-swiftui.release.xcconfig */;
			buildSettings = {
				ASSETCATALOG_COMPILER_APPICON_NAME = AppIcon;
				ASSETCATALOG_COMPILER_GLOBAL_ACCENT_COLOR_NAME = AccentColor;
				CODE_SIGN_STYLE = Automatic;
				CURRENT_PROJECT_VERSION = 1;
				DEVELOPMENT_ASSET_PATHS = "\"marvel-app-swiftui/Preview Content\"";
				ENABLE_PREVIEWS = YES;
				GENERATE_INFOPLIST_FILE = YES;
				INFOPLIST_KEY_UIApplicationSceneManifest_Generation = YES;
				INFOPLIST_KEY_UIApplicationSupportsIndirectInputEvents = YES;
				INFOPLIST_KEY_UILaunchScreen_Generation = YES;
				INFOPLIST_KEY_UISupportedInterfaceOrientations_iPad = "UIInterfaceOrientationPortrait UIInterfaceOrientationPortraitUpsideDown UIInterfaceOrientationLandscapeLeft UIInterfaceOrientationLandscapeRight";
				INFOPLIST_KEY_UISupportedInterfaceOrientations_iPhone = "UIInterfaceOrientationPortrait UIInterfaceOrientationLandscapeLeft UIInterfaceOrientationLandscapeRight";
				LD_RUNPATH_SEARCH_PATHS = (
					"$(inherited)",
					"@executable_path/Frameworks",
				);
				MARKETING_VERSION = 1.0;
				PRODUCT_BUNDLE_IDENTIFIER = "com.mlinde.marvel-app-swiftui";
				PRODUCT_NAME = "$(TARGET_NAME)";
				SWIFT_EMIT_LOC_STRINGS = YES;
				SWIFT_VERSION = 5.0;
				TARGETED_DEVICE_FAMILY = "1,2";
			};
			name = Release;
		};
		9086B15628A53F550096477E /* Debug */ = {
			isa = XCBuildConfiguration;
			buildSettings = {
				ALWAYS_EMBED_SWIFT_STANDARD_LIBRARIES = YES;
				BUNDLE_LOADER = "$(TEST_HOST)";
				CODE_SIGN_STYLE = Automatic;
				CURRENT_PROJECT_VERSION = 1;
				GENERATE_INFOPLIST_FILE = YES;
				IPHONEOS_DEPLOYMENT_TARGET = 15.5;
				MARKETING_VERSION = 1.0;
				PRODUCT_BUNDLE_IDENTIFIER = "com.mlinde.marvel-app-swiftuiTests";
				PRODUCT_NAME = "$(TARGET_NAME)";
				SWIFT_EMIT_LOC_STRINGS = NO;
				SWIFT_VERSION = 5.0;
				TARGETED_DEVICE_FAMILY = "1,2";
				TEST_HOST = "$(BUILT_PRODUCTS_DIR)/marvel-app-swiftui.app/marvel-app-swiftui";
			};
			name = Debug;
		};
		9086B15728A53F550096477E /* Release */ = {
			isa = XCBuildConfiguration;
			buildSettings = {
				ALWAYS_EMBED_SWIFT_STANDARD_LIBRARIES = YES;
				BUNDLE_LOADER = "$(TEST_HOST)";
				CODE_SIGN_STYLE = Automatic;
				CURRENT_PROJECT_VERSION = 1;
				GENERATE_INFOPLIST_FILE = YES;
				IPHONEOS_DEPLOYMENT_TARGET = 15.5;
				MARKETING_VERSION = 1.0;
				PRODUCT_BUNDLE_IDENTIFIER = "com.mlinde.marvel-app-swiftuiTests";
				PRODUCT_NAME = "$(TARGET_NAME)";
				SWIFT_EMIT_LOC_STRINGS = NO;
				SWIFT_VERSION = 5.0;
				TARGETED_DEVICE_FAMILY = "1,2";
				TEST_HOST = "$(BUILT_PRODUCTS_DIR)/marvel-app-swiftui.app/marvel-app-swiftui";
			};
			name = Release;
		};
		9086B15928A53F550096477E /* Debug */ = {
			isa = XCBuildConfiguration;
			buildSettings = {
				ALWAYS_EMBED_SWIFT_STANDARD_LIBRARIES = YES;
				CODE_SIGN_STYLE = Automatic;
				CURRENT_PROJECT_VERSION = 1;
				GENERATE_INFOPLIST_FILE = YES;
				MARKETING_VERSION = 1.0;
				PRODUCT_BUNDLE_IDENTIFIER = "com.mlinde.marvel-app-swiftuiUITests";
				PRODUCT_NAME = "$(TARGET_NAME)";
				SWIFT_EMIT_LOC_STRINGS = NO;
				SWIFT_VERSION = 5.0;
				TARGETED_DEVICE_FAMILY = "1,2";
				TEST_TARGET_NAME = "marvel-app-swiftui";
			};
			name = Debug;
		};
		9086B15A28A53F550096477E /* Release */ = {
			isa = XCBuildConfiguration;
			buildSettings = {
				ALWAYS_EMBED_SWIFT_STANDARD_LIBRARIES = YES;
				CODE_SIGN_STYLE = Automatic;
				CURRENT_PROJECT_VERSION = 1;
				GENERATE_INFOPLIST_FILE = YES;
				MARKETING_VERSION = 1.0;
				PRODUCT_BUNDLE_IDENTIFIER = "com.mlinde.marvel-app-swiftuiUITests";
				PRODUCT_NAME = "$(TARGET_NAME)";
				SWIFT_EMIT_LOC_STRINGS = NO;
				SWIFT_VERSION = 5.0;
				TARGETED_DEVICE_FAMILY = "1,2";
				TEST_TARGET_NAME = "marvel-app-swiftui";
			};
			name = Release;
		};
/* End XCBuildConfiguration section */

/* Begin XCConfigurationList section */
		9086B12928A53F520096477E /* Build configuration list for PBXProject "marvel-app-swiftui" */ = {
			isa = XCConfigurationList;
			buildConfigurations = (
				9086B15028A53F550096477E /* Debug */,
				9086B15128A53F550096477E /* Release */,
			);
			defaultConfigurationIsVisible = 0;
			defaultConfigurationName = Release;
		};
		9086B15228A53F550096477E /* Build configuration list for PBXNativeTarget "marvel-app-swiftui" */ = {
			isa = XCConfigurationList;
			buildConfigurations = (
				9086B15328A53F550096477E /* Debug */,
				9086B15428A53F550096477E /* Release */,
			);
			defaultConfigurationIsVisible = 0;
			defaultConfigurationName = Release;
		};
		9086B15528A53F550096477E /* Build configuration list for PBXNativeTarget "marvel-app-swiftuiTests" */ = {
			isa = XCConfigurationList;
			buildConfigurations = (
				9086B15628A53F550096477E /* Debug */,
				9086B15728A53F550096477E /* Release */,
			);
			defaultConfigurationIsVisible = 0;
			defaultConfigurationName = Release;
		};
		9086B15828A53F550096477E /* Build configuration list for PBXNativeTarget "marvel-app-swiftuiUITests" */ = {
			isa = XCConfigurationList;
			buildConfigurations = (
				9086B15928A53F550096477E /* Debug */,
				9086B15A28A53F550096477E /* Release */,
			);
			defaultConfigurationIsVisible = 0;
			defaultConfigurationName = Release;
		};
/* End XCConfigurationList section */
	};
	rootObject = 9086B12628A53F520096477E /* Project object */;
}
